
Microsoft Visual Studio Solution File, Format Version 12.00
# Visual Studio Version 17
VisualStudioVersion = 17.14.36518.9 d17.14
MinimumVisualStudioVersion = 10.0.40219.1
Project("{8BC9CEB8-8B4A-11D0-8D11-00A0C91BC942}") = "core", "core.vcxproj", "{F11E3BE3-4A51-4912-9AEE-B7D991FA7D98}"
EndProject
Global
	GlobalSection(SolutionConfigurationPlatforms) = preSolution
		Debug|x64 = Debug|x64
		Debug|x86 = Debug|x86
		Release|x64 = Release|x64
		Release|x86 = Release|x86
	EndGlobalSection
	GlobalSection(ProjectConfigurationPlatforms) = postSolution
		{F11E3BE3-4A51-4912-9AEE-B7D991FA7D98}.Debug|x64.ActiveCfg = Debug|x64
		{F11E3BE3-4A51-4912-9AEE-B7D991FA7D98}.Debug|x64.Build.0 = Debug|x64
		{F11E3BE3-4A51-4912-9AEE-B7D991FA7D98}.Debug|x86.ActiveCfg = Debug|Win32
		{F11E3BE3-4A51-4912-9AEE-B7D991FA7D98}.Debug|x86.Build.0 = Debug|Win32
		{F11E3BE3-4A51-4912-9AEE-B7D991FA7D98}.Release|x64.ActiveCfg = Release|x64
		{F11E3BE3-4A51-4912-9AEE-B7D991FA7D98}.Release|x64.Build.0 = Release|x64
		{F11E3BE3-4A51-4912-9AEE-B7D991FA7D98}.Release|x86.ActiveCfg = Release|Win32
		{F11E3BE3-4A51-4912-9AEE-B7D991FA7D98}.Release|x86.Build.0 = Release|Win32
	EndGlobalSection
	GlobalSection(SolutionProperties) = preSolution
		HideSolutionNode = FALSE
	EndGlobalSection
	GlobalSection(ExtensibilityGlobals) = postSolution
		SolutionGuid = {DA482EF0-718B-4E31-BB01-D349CD331D82}
	EndGlobalSection
EndGlobal
